Microsoft Visual Studio Solution File, Format Version 12.00
# Visual Studio Version 17
VisualStudioVersion = 17.5.2.0
MinimumVisualStudioVersion = 10.0.40219.1
Project("{FAE04EC0-301F-11D3-BF4B-00C04F79EFBC}") = "BinaryTreeClass.Tests", "BinaryTreeClass.Tests\BinaryTreeClass.Tests.csproj", "{64F523C7-545E-B7E3-19ED-52DE5520B6E8}"
EndProject
Project("{FAE04EC0-301F-11D3-BF4B-00C04F79EFBC}") = "BinaryTreeClass.Lib", "BinaryTreeClass.Lib\BinaryTreeClass.Lib.csproj", "{BF6A50F1-6426-DD10-846F-7D8E6C08B282}"
EndProject
Global
	GlobalSection(SolutionConfigurationPlatforms) = preSolution
		Debug|Any CPU = Debug|Any CPU
		Release|Any CPU = Release|Any CPU
	EndGlobalSection
	GlobalSection(ProjectConfigurationPlatforms) = postSolution
		{64F523C7-545E-B7E3-19ED-52DE5520B6E8}.Debug|Any CPU.ActiveCfg = Debug|Any CPU
		{64F523C7-545E-B7E3-19ED-52DE5520B6E8}.Debug|Any CPU.Build.0 = Debug|Any CPU
		{64F523C7-545E-B7E3-19ED-52DE5520B6E8}.Release|Any CPU.ActiveCfg = Release|Any CPU
		{64F523C7-545E-B7E3-19ED-52DE5520B6E8}.Release|Any CPU.Build.0 = Release|Any CPU
		{BF6A50F1-6426-DD10-846F-7D8E6C08B282}.Debug|Any CPU.ActiveCfg = Debug|Any CPU
		{BF6A50F1-6426-DD10-846F-7D8E6C08B282}.Debug|Any CPU.Build.0 = Debug|Any CPU
		{BF6A50F1-6426-DD10-846F-7D8E6C08B282}.Release|Any CPU.ActiveCfg = Release|Any CPU
		{BF6A50F1-6426-DD10-846F-7D8E6C08B282}.Release|Any CPU.Build.0 = Release|Any CPU
	EndGlobalSection
	GlobalSection(SolutionProperties) = preSolution
		HideSolutionNode = FALSE
	EndGlobalSection
	GlobalSection(ExtensibilityGlobals) = postSolution
		SolutionGuid = {65346922-42F6-47D7-B27D-EBEBAEF3DDDF}
	EndGlobalSection
EndGlobal
